
Microsoft Visual Studio Solution File, Format Version 12.00
# Visual Studio Version 17
VisualStudioVersion = 17.12.35707.178 d17.12
MinimumVisualStudioVersion = 10.0.40219.1
Project("{FAE04EC0-301F-11D3-BF4B-00C04F79EFBC}") = "Company.G04.PL", "Company.G04.PL\Company.G04.PL.csproj", "{78A74F7B-EC8F-41D0-B009-3D45A03F3C8B}"
EndProject
Project("{FAE04EC0-301F-11D3-BF4B-00C04F79EFBC}") = "Company.G04.BLL", "Company.G04.BLL\Company.G04.BLL.csproj", "{E50DF275-FBCD-40D6-924A-217090E43DF0}"
EndProject
Project("{FAE04EC0-301F-11D3-BF4B-00C04F79EFBC}") = "Company.G04.DAL", "Company.G04.DAL\Company.G04.DAL.csproj", "{B58F67EC-ACEE-483C-9F68-33D3069D27FD}"
EndProject
Global
	GlobalSection(SolutionConfigurationPlatforms) = preSolution
		Debug|Any CPU = Debug|Any CPU
		Release|Any CPU = Release|Any CPU
	EndGlobalSection
	GlobalSection(ProjectConfigurationPlatforms) = postSolution
		{78A74F7B-EC8F-41D0-B009-3D45A03F3C8B}.Debug|Any CPU.ActiveCfg = Debug|Any CPU
		{78A74F7B-EC8F-41D0-B009-3D45A03F3C8B}.Debug|Any CPU.Build.0 = Debug|Any CPU
		{78A74F7B-EC8F-41D0-B009-3D45A03F3C8B}.Release|Any CPU.ActiveCfg = Release|Any CPU
		{78A74F7B-EC8F-41D0-B009-3D45A03F3C8B}.Release|Any CPU.Build.0 = Release|Any CPU
		{E50DF275-FBCD-40D6-924A-217090E43DF0}.Debug|Any CPU.ActiveCfg = Debug|Any CPU
		{E50DF275-FBCD-40D6-924A-217090E43DF0}.Debug|Any CPU.Build.0 = Debug|Any CPU
		{E50DF275-FBCD-40D6-924A-217090E43DF0}.Release|Any CPU.ActiveCfg = Release|Any CPU
		{E50DF275-FBCD-40D6-924A-217090E43DF0}.Release|Any CPU.Build.0 = Release|Any CPU
		{B58F67EC-ACEE-483C-9F68-33D3069D27FD}.Debug|Any CPU.ActiveCfg = Debug|Any CPU
		{B58F67EC-ACEE-483C-9F68-33D3069D27FD}.Debug|Any CPU.Build.0 = Debug|Any CPU
		{B58F67EC-ACEE-483C-9F68-33D3069D27FD}.Release|Any CPU.ActiveCfg = Release|Any CPU
		{B58F67EC-ACEE-483C-9F68-33D3069D27FD}.Release|Any CPU.Build.0 = Release|Any CPU
	EndGlobalSection
	GlobalSection(SolutionProperties) = preSolution
		HideSolutionNode = FALSE
	EndGlobalSection
EndGlobal
